
Microsoft Visual Studio Solution File, Format Version 12.00
# Visual Studio Version 16
VisualStudioVersion = 16.0.28803.352
MinimumVisualStudioVersion = 10.0.40219.1
Project("{FAE04EC0-301F-11D3-BF4B-00C04F79EFBC}") = "SugerenciasWF", "SugerenciasWF\SugerenciasWF.csproj", "{82B5FAE2-0048-4685-9BD2-AAB88040BAD8}"
EndProject
Global
	GlobalSection(SolutionConfigurationPlatforms) = preSolution
		Debug|Any CPU = Debug|Any CPU
		Release|Any CPU = Release|Any CPU
	EndGlobalSection
	GlobalSection(ProjectConfigurationPlatforms) = postSolution
		{82B5FAE2-0048-4685-9BD2-AAB88040BAD8}.Debug|Any CPU.ActiveCfg = Debug|Any CPU
		{82B5FAE2-0048-4685-9BD2-AAB88040BAD8}.Debug|Any CPU.Build.0 = Debug|Any CPU
		{82B5FAE2-0048-4685-9BD2-AAB88040BAD8}.Release|Any CPU.ActiveCfg = Release|Any CPU
		{82B5FAE2-0048-4685-9BD2-AAB88040BAD8}.Release|Any CPU.Build.0 = Release|Any CPU
	EndGlobalSection
	GlobalSection(SolutionProperties) = preSolution
		HideSolutionNode = FALSE
	EndGlobalSection
	GlobalSection(ExtensibilityGlobals) = postSolution
		SolutionGuid = {4D88215B-A3E8-40B8-8126-8C4BA9A23059}
	EndGlobalSection
EndGlobal
